
Microsoft Visual Studio Solution File, Format Version 12.00
# Visual Studio 2013
VisualStudioVersion = 12.0.30501.0
MinimumVisualStudioVersion = 10.0.40219.1
Project("{FAE04EC0-301F-11D3-BF4B-00C04F79EFBC}") = "FEAGUI", "FEAGUI\FEAGUI.csproj", "{363B2015-E75E-4565-A7DE-BA9075D2C9EB}"
	ProjectSection(ProjectDependencies) = postProject
		{671EC7EA-83B7-48ED-AC35-B8D334E496CE} = {671EC7EA-83B7-48ED-AC35-B8D334E496CE}
		{1B2B8AF1-7944-48D9-B167-497AEC3035CE} = {1B2B8AF1-7944-48D9-B167-497AEC3035CE}
	EndProjectSection
EndProject
Project("{8BC9CEB8-8B4A-11D0-8D11-00A0C91BC942}") = "FEAComponents", "..\FEAComponents\FEAComponents\FEAComponents.vcxproj", "{1B2B8AF1-7944-48D9-B167-497AEC3035CE}"
	ProjectSection(ProjectDependencies) = postProject
		{671EC7EA-83B7-48ED-AC35-B8D334E496CE} = {671EC7EA-83B7-48ED-AC35-B8D334E496CE}
	EndProjectSection
EndProject
Project("{8BC9CEB8-8B4A-11D0-8D11-00A0C91BC942}") = "MathsPack", "..\MathsPack\MathsPack\MathsPack.vcxproj", "{671EC7EA-83B7-48ED-AC35-B8D334E496CE}"
EndProject
Global
	GlobalSection(SolutionConfigurationPlatforms) = preSolution
		Debug|Any CPU = Debug|Any CPU
		Debug|Mixed Platforms = Debug|Mixed Platforms
		Debug|Win32 = Debug|Win32
		Release|Any CPU = Release|Any CPU
		Release|Mixed Platforms = Release|Mixed Platforms
		Release|Win32 = Release|Win32
	EndGlobalSection
	GlobalSection(ProjectConfigurationPlatforms) = postSolution
		{363B2015-E75E-4565-A7DE-BA9075D2C9EB}.Debug|Any CPU.ActiveCfg = Debug|Any CPU
		{363B2015-E75E-4565-A7DE-BA9075D2C9EB}.Debug|Any CPU.Build.0 = Debug|Any CPU
		{363B2015-E75E-4565-A7DE-BA9075D2C9EB}.Debug|Mixed Platforms.ActiveCfg = Debug|Any CPU
		{363B2015-E75E-4565-A7DE-BA9075D2C9EB}.Debug|Mixed Platforms.Build.0 = Debug|Any CPU
		{363B2015-E75E-4565-A7DE-BA9075D2C9EB}.Debug|Win32.ActiveCfg = Debug|Any CPU
		{363B2015-E75E-4565-A7DE-BA9075D2C9EB}.Release|Any CPU.ActiveCfg = Release|Any CPU
		{363B2015-E75E-4565-A7DE-BA9075D2C9EB}.Release|Any CPU.Build.0 = Release|Any CPU
		{363B2015-E75E-4565-A7DE-BA9075D2C9EB}.Release|Mixed Platforms.ActiveCfg = Release|Any CPU
		{363B2015-E75E-4565-A7DE-BA9075D2C9EB}.Release|Mixed Platforms.Build.0 = Release|Any CPU
		{363B2015-E75E-4565-A7DE-BA9075D2C9EB}.Release|Win32.ActiveCfg = Release|Any CPU
		{1B2B8AF1-7944-48D9-B167-497AEC3035CE}.Debug|Any CPU.ActiveCfg = Debug|Win32
		{1B2B8AF1-7944-48D9-B167-497AEC3035CE}.Debug|Mixed Platforms.ActiveCfg = Debug|Win32
		{1B2B8AF1-7944-48D9-B167-497AEC3035CE}.Debug|Mixed Platforms.Build.0 = Debug|Win32
		{1B2B8AF1-7944-48D9-B167-497AEC3035CE}.Debug|Win32.ActiveCfg = Debug|Win32
		{1B2B8AF1-7944-48D9-B167-497AEC3035CE}.Debug|Win32.Build.0 = Debug|Win32
		{1B2B8AF1-7944-48D9-B167-497AEC3035CE}.Release|Any CPU.ActiveCfg = Release|Win32
		{1B2B8AF1-7944-48D9-B167-497AEC3035CE}.Release|Mixed Platforms.ActiveCfg = Release|Win32
		{1B2B8AF1-7944-48D9-B167-497AEC3035CE}.Release|Mixed Platforms.Build.0 = Release|Win32
		{1B2B8AF1-7944-48D9-B167-497AEC3035CE}.Release|Win32.ActiveCfg = Release|Win32
		{1B2B8AF1-7944-48D9-B167-497AEC3035CE}.Release|Win32.Build.0 = Release|Win32
		{671EC7EA-83B7-48ED-AC35-B8D334E496CE}.Debug|Any CPU.ActiveCfg = Debug|Win32
		{671EC7EA-83B7-48ED-AC35-B8D334E496CE}.Debug|Mixed Platforms.ActiveCfg = Debug|Win32
		{671EC7EA-83B7-48ED-AC35-B8D334E496CE}.Debug|Mixed Platforms.Build.0 = Debug|Win32
		{671EC7EA-83B7-48ED-AC35-B8D334E496CE}.Debug|Win32.ActiveCfg = Debug|Win32
		{671EC7EA-83B7-48ED-AC35-B8D334E496CE}.Debug|Win32.Build.0 = Debug|Win32
		{671EC7EA-83B7-48ED-AC35-B8D334E496CE}.Release|Any CPU.ActiveCfg = Release|Win32
		{671EC7EA-83B7-48ED-AC35-B8D334E496CE}.Release|Mixed Platforms.ActiveCfg = Release|Win32
		{671EC7EA-83B7-48ED-AC35-B8D334E496CE}.Release|Mixed Platforms.Build.0 = Release|Win32
		{671EC7EA-83B7-48ED-AC35-B8D334E496CE}.Release|Win32.ActiveCfg = Release|Win32
		{671EC7EA-83B7-48ED-AC35-B8D334E496CE}.Release|Win32.Build.0 = Release|Win32
	EndGlobalSection
	GlobalSection(SolutionProperties) = preSolution
		HideSolutionNode = FALSE
	EndGlobalSection
EndGlobal
